
Microsoft Visual Studio Solution File, Format Version 12.00
# Visual Studio 15
VisualStudioVersion = 15.0.27703.2000
MinimumVisualStudioVersion = 10.0.40219.1
Project("{9A19103F-16F7-4668-BE54-9A1E7A4F7556}") = "Zlab.Web.Main", "ZLAB\Zlab.Web.Main.csproj", "{D56450F5-791C-479E-99BC-B992784AA8C4}"
EndProject
Project("{9A19103F-16F7-4668-BE54-9A1E7A4F7556}") = "Zlab.DataCore", "Zlab.DataCore\Zlab.DataCore.csproj", "{3FB50D7B-9E86-4E79-8B24-17D34173610F}"
EndProject
Project("{9A19103F-16F7-4668-BE54-9A1E7A4F7556}") = "Zlab.DataCore.DbCore", "Zlab.DataCore.DbCore\Zlab.DataCore.DbCore.csproj", "{4A26CC93-AF52-469F-952F-EB9737B21058}"
EndProject
Project("{9A19103F-16F7-4668-BE54-9A1E7A4F7556}") = "Zlab.Web.Model", "Zlab.Web.Main.Model\Zlab.Web.Model.csproj", "{F4FDABAF-A327-4ED8-8AB0-C2E7988DFB1A}"
EndProject
Project("{2150E333-8FDC-42A3-9474-1A3956D46DE8}") = "Zlab.Web", "Zlab.Web", "{02198CBD-4EBA-444F-A35F-5ED261BE1C55}"
EndProject
Project("{2150E333-8FDC-42A3-9474-1A3956D46DE8}") = "Zlab.Core", "Zlab.Core", "{779AF1F4-8750-40BF-88CF-3FDEE42347A2}"
EndProject
Project("{9A19103F-16F7-4668-BE54-9A1E7A4F7556}") = "Zlab.Web.Service", "Zlab.Web.Main.Service\Zlab.Web.Service.csproj", "{84D8ABD2-3146-4DEC-BF6E-CCDAB505D00B}"
EndProject
Project("{9A19103F-16F7-4668-BE54-9A1E7A4F7556}") = "Zlab.UtilsCore", "Zlab.UtilsCore\Zlab.UtilsCore.csproj", "{D98F4350-FEF9-45BC-AB02-0CCAB56D924B}"
EndProject
Global
	GlobalSection(SolutionConfigurationPlatforms) = preSolution
		Debug|Any CPU = Debug|Any CPU
		Release|Any CPU = Release|Any CPU
	EndGlobalSection
	GlobalSection(ProjectConfigurationPlatforms) = postSolution
		{D56450F5-791C-479E-99BC-B992784AA8C4}.Debug|Any CPU.ActiveCfg = Debug|Any CPU
		{D56450F5-791C-479E-99BC-B992784AA8C4}.Debug|Any CPU.Build.0 = Debug|Any CPU
		{D56450F5-791C-479E-99BC-B992784AA8C4}.Release|Any CPU.ActiveCfg = Release|Any CPU
		{D56450F5-791C-479E-99BC-B992784AA8C4}.Release|Any CPU.Build.0 = Release|Any CPU
		{3FB50D7B-9E86-4E79-8B24-17D34173610F}.Debug|Any CPU.ActiveCfg = Debug|Any CPU
		{3FB50D7B-9E86-4E79-8B24-17D34173610F}.Debug|Any CPU.Build.0 = Debug|Any CPU
		{3FB50D7B-9E86-4E79-8B24-17D34173610F}.Release|Any CPU.ActiveCfg = Release|Any CPU
		{3FB50D7B-9E86-4E79-8B24-17D34173610F}.Release|Any CPU.Build.0 = Release|Any CPU
		{4A26CC93-AF52-469F-952F-EB9737B21058}.Debug|Any CPU.ActiveCfg = Debug|Any CPU
		{4A26CC93-AF52-469F-952F-EB9737B21058}.Debug|Any CPU.Build.0 = Debug|Any CPU
		{4A26CC93-AF52-469F-952F-EB9737B21058}.Release|Any CPU.ActiveCfg = Release|Any CPU
		{4A26CC93-AF52-469F-952F-EB9737B21058}.Release|Any CPU.Build.0 = Release|Any CPU
		{F4FDABAF-A327-4ED8-8AB0-C2E7988DFB1A}.Debug|Any CPU.ActiveCfg = Debug|Any CPU
		{F4FDABAF-A327-4ED8-8AB0-C2E7988DFB1A}.Debug|Any CPU.Build.0 = Debug|Any CPU
		{F4FDABAF-A327-4ED8-8AB0-C2E7988DFB1A}.Release|Any CPU.ActiveCfg = Release|Any CPU
		{F4FDABAF-A327-4ED8-8AB0-C2E7988DFB1A}.Release|Any CPU.Build.0 = Release|Any CPU
		{84D8ABD2-3146-4DEC-BF6E-CCDAB505D00B}.Debug|Any CPU.ActiveCfg = Debug|Any CPU
		{84D8ABD2-3146-4DEC-BF6E-CCDAB505D00B}.Debug|Any CPU.Build.0 = Debug|Any CPU
		{84D8ABD2-3146-4DEC-BF6E-CCDAB505D00B}.Release|Any CPU.ActiveCfg = Release|Any CPU
		{84D8ABD2-3146-4DEC-BF6E-CCDAB505D00B}.Release|Any CPU.Build.0 = Release|Any CPU
		{D98F4350-FEF9-45BC-AB02-0CCAB56D924B}.Debug|Any CPU.ActiveCfg = Debug|Any CPU
		{D98F4350-FEF9-45BC-AB02-0CCAB56D924B}.Debug|Any CPU.Build.0 = Debug|Any CPU
		{D98F4350-FEF9-45BC-AB02-0CCAB56D924B}.Release|Any CPU.ActiveCfg = Release|Any CPU
		{D98F4350-FEF9-45BC-AB02-0CCAB56D924B}.Release|Any CPU.Build.0 = Release|Any CPU
	EndGlobalSection
	GlobalSection(SolutionProperties) = preSolution
		HideSolutionNode = FALSE
	EndGlobalSection
	GlobalSection(NestedProjects) = preSolution
		{D56450F5-791C-479E-99BC-B992784AA8C4} = {02198CBD-4EBA-444F-A35F-5ED261BE1C55}
		{3FB50D7B-9E86-4E79-8B24-17D34173610F} = {779AF1F4-8750-40BF-88CF-3FDEE42347A2}
		{4A26CC93-AF52-469F-952F-EB9737B21058} = {779AF1F4-8750-40BF-88CF-3FDEE42347A2}
		{F4FDABAF-A327-4ED8-8AB0-C2E7988DFB1A} = {02198CBD-4EBA-444F-A35F-5ED261BE1C55}
		{84D8ABD2-3146-4DEC-BF6E-CCDAB505D00B} = {02198CBD-4EBA-444F-A35F-5ED261BE1C55}
		{D98F4350-FEF9-45BC-AB02-0CCAB56D924B} = {779AF1F4-8750-40BF-88CF-3FDEE42347A2}
	EndGlobalSection
	GlobalSection(ExtensibilityGlobals) = postSolution
		SolutionGuid = {4E2CCDCA-AADA-486E-A165-819D746726EB}
	EndGlobalSection
EndGlobal
