
Microsoft Visual Studio Solution File, Format Version 12.00
# Visual Studio 15
VisualStudioVersion = 15.0.27703.2000
MinimumVisualStudioVersion = 10.0.40219.1
Project("{9A19103F-16F7-4668-BE54-9A1E7A4F7556}") = "Zlab.DataCore", "Zlab.DataCore\Zlab.DataCore.csproj", "{3FB50D7B-9E86-4E79-8B24-17D34173610F}"
EndProject
Project("{9A19103F-16F7-4668-BE54-9A1E7A4F7556}") = "Zlab.DataCore.DbCore", "Zlab.DataCore.DbCore\Zlab.DataCore.DbCore.csproj", "{4A26CC93-AF52-469F-952F-EB9737B21058}"
EndProject
Project("{9A19103F-16F7-4668-BE54-9A1E7A4F7556}") = "Zlab.Web.Model", "Zlab.Web.Main.Model\Zlab.Web.Model.csproj", "{F4FDABAF-A327-4ED8-8AB0-C2E7988DFB1A}"
EndProject
Project("{2150E333-8FDC-42A3-9474-1A3956D46DE8}") = "Zlab.Web", "Zlab.Web", "{02198CBD-4EBA-444F-A35F-5ED261BE1C55}"
EndProject
Project("{2150E333-8FDC-42A3-9474-1A3956D46DE8}") = "Zlab.Core", "Zlab.Core", "{779AF1F4-8750-40BF-88CF-3FDEE42347A2}"
EndProject
Project("{9A19103F-16F7-4668-BE54-9A1E7A4F7556}") = "Zlab.Web.Service", "Zlab.Web.Main.Service\Zlab.Web.Service.csproj", "{84D8ABD2-3146-4DEC-BF6E-CCDAB505D00B}"
EndProject
Project("{9A19103F-16F7-4668-BE54-9A1E7A4F7556}") = "Zlab.UtilsCore", "Zlab.UtilsCore\Zlab.UtilsCore.csproj", "{D98F4350-FEF9-45BC-AB02-0CCAB56D924B}"
EndProject
Project("{9A19103F-16F7-4668-BE54-9A1E7A4F7556}") = "Zlab.Main.Web", "Zlab.Main.Web\Zlab.Main.Web.csproj", "{B7DE6F3E-D40E-489D-A1C2-30E73514C3C6}"
EndProject
Project("{FAE04EC0-301F-11D3-BF4B-00C04F79EFBC}") = "Zlab.Test", "Zlab.Test\Zlab.Test.csproj", "{D65DFE8D-8E75-40DD-95D1-590F73FC81A7}"
EndProject
Project("{2150E333-8FDC-42A3-9474-1A3956D46DE8}") = "Zlab.UWP", "Zlab.UWP", "{31F6AF54-332D-4AC6-A58E-53FF3824024D}"
EndProject
Project("{FAE04EC0-301F-11D3-BF4B-00C04F79EFBC}") = "Zlab.UWP.View", "Zlab.UWP.View\Zlab.UWP.View.csproj", "{8CA4EC9F-F6BB-46B2-A604-D929C2C25A25}"
EndProject
Global
	GlobalSection(SolutionConfigurationPlatforms) = preSolution
		Debug|Any CPU = Debug|Any CPU
		Debug|ARM = Debug|ARM
		Debug|x64 = Debug|x64
		Debug|x86 = Debug|x86
		Release|Any CPU = Release|Any CPU
		Release|ARM = Release|ARM
		Release|x64 = Release|x64
		Release|x86 = Release|x86
	EndGlobalSection
	GlobalSection(ProjectConfigurationPlatforms) = postSolution
		{3FB50D7B-9E86-4E79-8B24-17D34173610F}.Debug|Any CPU.ActiveCfg = Debug|Any CPU
		{3FB50D7B-9E86-4E79-8B24-17D34173610F}.Debug|Any CPU.Build.0 = Debug|Any CPU
		{3FB50D7B-9E86-4E79-8B24-17D34173610F}.Debug|ARM.ActiveCfg = Debug|Any CPU
		{3FB50D7B-9E86-4E79-8B24-17D34173610F}.Debug|ARM.Build.0 = Debug|Any CPU
		{3FB50D7B-9E86-4E79-8B24-17D34173610F}.Debug|x64.ActiveCfg = Debug|Any CPU
		{3FB50D7B-9E86-4E79-8B24-17D34173610F}.Debug|x64.Build.0 = Debug|Any CPU
		{3FB50D7B-9E86-4E79-8B24-17D34173610F}.Debug|x86.ActiveCfg = Debug|Any CPU
		{3FB50D7B-9E86-4E79-8B24-17D34173610F}.Debug|x86.Build.0 = Debug|Any CPU
		{3FB50D7B-9E86-4E79-8B24-17D34173610F}.Release|Any CPU.ActiveCfg = Release|Any CPU
		{3FB50D7B-9E86-4E79-8B24-17D34173610F}.Release|Any CPU.Build.0 = Release|Any CPU
		{3FB50D7B-9E86-4E79-8B24-17D34173610F}.Release|ARM.ActiveCfg = Release|Any CPU
		{3FB50D7B-9E86-4E79-8B24-17D34173610F}.Release|ARM.Build.0 = Release|Any CPU
		{3FB50D7B-9E86-4E79-8B24-17D34173610F}.Release|x64.ActiveCfg = Release|Any CPU
		{3FB50D7B-9E86-4E79-8B24-17D34173610F}.Release|x64.Build.0 = Release|Any CPU
		{3FB50D7B-9E86-4E79-8B24-17D34173610F}.Release|x86.ActiveCfg = Release|Any CPU
		{3FB50D7B-9E86-4E79-8B24-17D34173610F}.Release|x86.Build.0 = Release|Any CPU
		{4A26CC93-AF52-469F-952F-EB9737B21058}.Debug|Any CPU.ActiveCfg = Debug|Any CPU
		{4A26CC93-AF52-469F-952F-EB9737B21058}.Debug|Any CPU.Build.0 = Debug|Any CPU
		{4A26CC93-AF52-469F-952F-EB9737B21058}.Debug|ARM.ActiveCfg = Debug|Any CPU
		{4A26CC93-AF52-469F-952F-EB9737B21058}.Debug|ARM.Build.0 = Debug|Any CPU
		{4A26CC93-AF52-469F-952F-EB9737B21058}.Debug|x64.ActiveCfg = Debug|Any CPU
		{4A26CC93-AF52-469F-952F-EB9737B21058}.Debug|x64.Build.0 = Debug|Any CPU
		{4A26CC93-AF52-469F-952F-EB9737B21058}.Debug|x86.ActiveCfg = Debug|Any CPU
		{4A26CC93-AF52-469F-952F-EB9737B21058}.Debug|x86.Build.0 = Debug|Any CPU
		{4A26CC93-AF52-469F-952F-EB9737B21058}.Release|Any CPU.ActiveCfg = Release|Any CPU
		{4A26CC93-AF52-469F-952F-EB9737B21058}.Release|Any CPU.Build.0 = Release|Any CPU
		{4A26CC93-AF52-469F-952F-EB9737B21058}.Release|ARM.ActiveCfg = Release|Any CPU
		{4A26CC93-AF52-469F-952F-EB9737B21058}.Release|ARM.Build.0 = Release|Any CPU
		{4A26CC93-AF52-469F-952F-EB9737B21058}.Release|x64.ActiveCfg = Release|Any CPU
		{4A26CC93-AF52-469F-952F-EB9737B21058}.Release|x64.Build.0 = Release|Any CPU
		{4A26CC93-AF52-469F-952F-EB9737B21058}.Release|x86.ActiveCfg = Release|Any CPU
		{4A26CC93-AF52-469F-952F-EB9737B21058}.Release|x86.Build.0 = Release|Any CPU
		{F4FDABAF-A327-4ED8-8AB0-C2E7988DFB1A}.Debug|Any CPU.ActiveCfg = Debug|Any CPU
		{F4FDABAF-A327-4ED8-8AB0-C2E7988DFB1A}.Debug|Any CPU.Build.0 = Debug|Any CPU
		{F4FDABAF-A327-4ED8-8AB0-C2E7988DFB1A}.Debug|ARM.ActiveCfg = Debug|Any CPU
		{F4FDABAF-A327-4ED8-8AB0-C2E7988DFB1A}.Debug|ARM.Build.0 = Debug|Any CPU
		{F4FDABAF-A327-4ED8-8AB0-C2E7988DFB1A}.Debug|x64.ActiveCfg = Debug|Any CPU
		{F4FDABAF-A327-4ED8-8AB0-C2E7988DFB1A}.Debug|x64.Build.0 = Debug|Any CPU
		{F4FDABAF-A327-4ED8-8AB0-C2E7988DFB1A}.Debug|x86.ActiveCfg = Debug|Any CPU
		{F4FDABAF-A327-4ED8-8AB0-C2E7988DFB1A}.Debug|x86.Build.0 = Debug|Any CPU
		{F4FDABAF-A327-4ED8-8AB0-C2E7988DFB1A}.Release|Any CPU.ActiveCfg = Release|Any CPU
		{F4FDABAF-A327-4ED8-8AB0-C2E7988DFB1A}.Release|Any CPU.Build.0 = Release|Any CPU
		{F4FDABAF-A327-4ED8-8AB0-C2E7988DFB1A}.Release|ARM.ActiveCfg = Release|Any CPU
		{F4FDABAF-A327-4ED8-8AB0-C2E7988DFB1A}.Release|ARM.Build.0 = Release|Any CPU
		{F4FDABAF-A327-4ED8-8AB0-C2E7988DFB1A}.Release|x64.ActiveCfg = Release|Any CPU
		{F4FDABAF-A327-4ED8-8AB0-C2E7988DFB1A}.Release|x64.Build.0 = Release|Any CPU
		{F4FDABAF-A327-4ED8-8AB0-C2E7988DFB1A}.Release|x86.ActiveCfg = Release|Any CPU
		{F4FDABAF-A327-4ED8-8AB0-C2E7988DFB1A}.Release|x86.Build.0 = Release|Any CPU
		{84D8ABD2-3146-4DEC-BF6E-CCDAB505D00B}.Debug|Any CPU.ActiveCfg = Debug|Any CPU
		{84D8ABD2-3146-4DEC-BF6E-CCDAB505D00B}.Debug|Any CPU.Build.0 = Debug|Any CPU
		{84D8ABD2-3146-4DEC-BF6E-CCDAB505D00B}.Debug|ARM.ActiveCfg = Debug|Any CPU
		{84D8ABD2-3146-4DEC-BF6E-CCDAB505D00B}.Debug|ARM.Build.0 = Debug|Any CPU
		{84D8ABD2-3146-4DEC-BF6E-CCDAB505D00B}.Debug|x64.ActiveCfg = Debug|Any CPU
		{84D8ABD2-3146-4DEC-BF6E-CCDAB505D00B}.Debug|x64.Build.0 = Debug|Any CPU
		{84D8ABD2-3146-4DEC-BF6E-CCDAB505D00B}.Debug|x86.ActiveCfg = Debug|Any CPU
		{84D8ABD2-3146-4DEC-BF6E-CCDAB505D00B}.Debug|x86.Build.0 = Debug|Any CPU
		{84D8ABD2-3146-4DEC-BF6E-CCDAB505D00B}.Release|Any CPU.ActiveCfg = Release|Any CPU
		{84D8ABD2-3146-4DEC-BF6E-CCDAB505D00B}.Release|Any CPU.Build.0 = Release|Any CPU
		{84D8ABD2-3146-4DEC-BF6E-CCDAB505D00B}.Release|ARM.ActiveCfg = Release|Any CPU
		{84D8ABD2-3146-4DEC-BF6E-CCDAB505D00B}.Release|ARM.Build.0 = Release|Any CPU
		{84D8ABD2-3146-4DEC-BF6E-CCDAB505D00B}.Release|x64.ActiveCfg = Release|Any CPU
		{84D8ABD2-3146-4DEC-BF6E-CCDAB505D00B}.Release|x64.Build.0 = Release|Any CPU
		{84D8ABD2-3146-4DEC-BF6E-CCDAB505D00B}.Release|x86.ActiveCfg = Release|Any CPU
		{84D8ABD2-3146-4DEC-BF6E-CCDAB505D00B}.Release|x86.Build.0 = Release|Any CPU
		{D98F4350-FEF9-45BC-AB02-0CCAB56D924B}.Debug|Any CPU.ActiveCfg = Debug|Any CPU
		{D98F4350-FEF9-45BC-AB02-0CCAB56D924B}.Debug|Any CPU.Build.0 = Debug|Any CPU
		{D98F4350-FEF9-45BC-AB02-0CCAB56D924B}.Debug|ARM.ActiveCfg = Debug|Any CPU
		{D98F4350-FEF9-45BC-AB02-0CCAB56D924B}.Debug|ARM.Build.0 = Debug|Any CPU
		{D98F4350-FEF9-45BC-AB02-0CCAB56D924B}.Debug|x64.ActiveCfg = Debug|Any CPU
		{D98F4350-FEF9-45BC-AB02-0CCAB56D924B}.Debug|x64.Build.0 = Debug|Any CPU
		{D98F4350-FEF9-45BC-AB02-0CCAB56D924B}.Debug|x86.ActiveCfg = Debug|Any CPU
		{D98F4350-FEF9-45BC-AB02-0CCAB56D924B}.Debug|x86.Build.0 = Debug|Any CPU
		{D98F4350-FEF9-45BC-AB02-0CCAB56D924B}.Release|Any CPU.ActiveCfg = Release|Any CPU
		{D98F4350-FEF9-45BC-AB02-0CCAB56D924B}.Release|Any CPU.Build.0 = Release|Any CPU
		{D98F4350-FEF9-45BC-AB02-0CCAB56D924B}.Release|ARM.ActiveCfg = Release|Any CPU
		{D98F4350-FEF9-45BC-AB02-0CCAB56D924B}.Release|ARM.Build.0 = Release|Any CPU
		{D98F4350-FEF9-45BC-AB02-0CCAB56D924B}.Release|x64.ActiveCfg = Release|Any CPU
		{D98F4350-FEF9-45BC-AB02-0CCAB56D924B}.Release|x64.Build.0 = Release|Any CPU
		{D98F4350-FEF9-45BC-AB02-0CCAB56D924B}.Release|x86.ActiveCfg = Release|Any CPU
		{D98F4350-FEF9-45BC-AB02-0CCAB56D924B}.Release|x86.Build.0 = Release|Any CPU
		{B7DE6F3E-D40E-489D-A1C2-30E73514C3C6}.Debug|Any CPU.ActiveCfg = Debug|Any CPU
		{B7DE6F3E-D40E-489D-A1C2-30E73514C3C6}.Debug|Any CPU.Build.0 = Debug|Any CPU
		{B7DE6F3E-D40E-489D-A1C2-30E73514C3C6}.Debug|ARM.ActiveCfg = Debug|Any CPU
		{B7DE6F3E-D40E-489D-A1C2-30E73514C3C6}.Debug|ARM.Build.0 = Debug|Any CPU
		{B7DE6F3E-D40E-489D-A1C2-30E73514C3C6}.Debug|x64.ActiveCfg = Debug|Any CPU
		{B7DE6F3E-D40E-489D-A1C2-30E73514C3C6}.Debug|x64.Build.0 = Debug|Any CPU
		{B7DE6F3E-D40E-489D-A1C2-30E73514C3C6}.Debug|x86.ActiveCfg = Debug|Any CPU
		{B7DE6F3E-D40E-489D-A1C2-30E73514C3C6}.Debug|x86.Build.0 = Debug|Any CPU
		{B7DE6F3E-D40E-489D-A1C2-30E73514C3C6}.Release|Any CPU.ActiveCfg = Release|Any CPU
		{B7DE6F3E-D40E-489D-A1C2-30E73514C3C6}.Release|Any CPU.Build.0 = Release|Any CPU
		{B7DE6F3E-D40E-489D-A1C2-30E73514C3C6}.Release|ARM.ActiveCfg = Release|Any CPU
		{B7DE6F3E-D40E-489D-A1C2-30E73514C3C6}.Release|ARM.Build.0 = Release|Any CPU
		{B7DE6F3E-D40E-489D-A1C2-30E73514C3C6}.Release|x64.ActiveCfg = Release|Any CPU
		{B7DE6F3E-D40E-489D-A1C2-30E73514C3C6}.Release|x64.Build.0 = Release|Any CPU
		{B7DE6F3E-D40E-489D-A1C2-30E73514C3C6}.Release|x86.ActiveCfg = Release|Any CPU
		{B7DE6F3E-D40E-489D-A1C2-30E73514C3C6}.Release|x86.Build.0 = Release|Any CPU
		{D65DFE8D-8E75-40DD-95D1-590F73FC81A7}.Debug|Any CPU.ActiveCfg = Debug|Any CPU
		{D65DFE8D-8E75-40DD-95D1-590F73FC81A7}.Debug|Any CPU.Build.0 = Debug|Any CPU
		{D65DFE8D-8E75-40DD-95D1-590F73FC81A7}.Debug|ARM.ActiveCfg = Debug|Any CPU
		{D65DFE8D-8E75-40DD-95D1-590F73FC81A7}.Debug|ARM.Build.0 = Debug|Any CPU
		{D65DFE8D-8E75-40DD-95D1-590F73FC81A7}.Debug|x64.ActiveCfg = Debug|Any CPU
		{D65DFE8D-8E75-40DD-95D1-590F73FC81A7}.Debug|x64.Build.0 = Debug|Any CPU
		{D65DFE8D-8E75-40DD-95D1-590F73FC81A7}.Debug|x86.ActiveCfg = Debug|Any CPU
		{D65DFE8D-8E75-40DD-95D1-590F73FC81A7}.Debug|x86.Build.0 = Debug|Any CPU
		{D65DFE8D-8E75-40DD-95D1-590F73FC81A7}.Release|Any CPU.ActiveCfg = Release|Any CPU
		{D65DFE8D-8E75-40DD-95D1-590F73FC81A7}.Release|Any CPU.Build.0 = Release|Any CPU
		{D65DFE8D-8E75-40DD-95D1-590F73FC81A7}.Release|ARM.ActiveCfg = Release|Any CPU
		{D65DFE8D-8E75-40DD-95D1-590F73FC81A7}.Release|ARM.Build.0 = Release|Any CPU
		{D65DFE8D-8E75-40DD-95D1-590F73FC81A7}.Release|x64.ActiveCfg = Release|Any CPU
		{D65DFE8D-8E75-40DD-95D1-590F73FC81A7}.Release|x64.Build.0 = Release|Any CPU
		{D65DFE8D-8E75-40DD-95D1-590F73FC81A7}.Release|x86.ActiveCfg = Release|Any CPU
		{D65DFE8D-8E75-40DD-95D1-590F73FC81A7}.Release|x86.Build.0 = Release|Any CPU
		{8CA4EC9F-F6BB-46B2-A604-D929C2C25A25}.Debug|Any CPU.ActiveCfg = Debug|x86
		{8CA4EC9F-F6BB-46B2-A604-D929C2C25A25}.Debug|ARM.ActiveCfg = Debug|ARM
		{8CA4EC9F-F6BB-46B2-A604-D929C2C25A25}.Debug|ARM.Build.0 = Debug|ARM
		{8CA4EC9F-F6BB-46B2-A604-D929C2C25A25}.Debug|ARM.Deploy.0 = Debug|ARM
		{8CA4EC9F-F6BB-46B2-A604-D929C2C25A25}.Debug|x64.ActiveCfg = Debug|x64
		{8CA4EC9F-F6BB-46B2-A604-D929C2C25A25}.Debug|x64.Build.0 = Debug|x64
		{8CA4EC9F-F6BB-46B2-A604-D929C2C25A25}.Debug|x64.Deploy.0 = Debug|x64
		{8CA4EC9F-F6BB-46B2-A604-D929C2C25A25}.Debug|x86.ActiveCfg = Debug|x86
		{8CA4EC9F-F6BB-46B2-A604-D929C2C25A25}.Debug|x86.Build.0 = Debug|x86
		{8CA4EC9F-F6BB-46B2-A604-D929C2C25A25}.Debug|x86.Deploy.0 = Debug|x86
		{8CA4EC9F-F6BB-46B2-A604-D929C2C25A25}.Release|Any CPU.ActiveCfg = Release|x86
		{8CA4EC9F-F6BB-46B2-A604-D929C2C25A25}.Release|ARM.ActiveCfg = Release|ARM
		{8CA4EC9F-F6BB-46B2-A604-D929C2C25A25}.Release|ARM.Build.0 = Release|ARM
		{8CA4EC9F-F6BB-46B2-A604-D929C2C25A25}.Release|ARM.Deploy.0 = Release|ARM
		{8CA4EC9F-F6BB-46B2-A604-D929C2C25A25}.Release|x64.ActiveCfg = Release|x64
		{8CA4EC9F-F6BB-46B2-A604-D929C2C25A25}.Release|x64.Build.0 = Release|x64
		{8CA4EC9F-F6BB-46B2-A604-D929C2C25A25}.Release|x64.Deploy.0 = Release|x64
		{8CA4EC9F-F6BB-46B2-A604-D929C2C25A25}.Release|x86.ActiveCfg = Release|x86
		{8CA4EC9F-F6BB-46B2-A604-D929C2C25A25}.Release|x86.Build.0 = Release|x86
		{8CA4EC9F-F6BB-46B2-A604-D929C2C25A25}.Release|x86.Deploy.0 = Release|x86
	EndGlobalSection
	GlobalSection(SolutionProperties) = preSolution
		HideSolutionNode = FALSE
	EndGlobalSection
	GlobalSection(NestedProjects) = preSolution
		{3FB50D7B-9E86-4E79-8B24-17D34173610F} = {779AF1F4-8750-40BF-88CF-3FDEE42347A2}
		{4A26CC93-AF52-469F-952F-EB9737B21058} = {779AF1F4-8750-40BF-88CF-3FDEE42347A2}
		{F4FDABAF-A327-4ED8-8AB0-C2E7988DFB1A} = {02198CBD-4EBA-444F-A35F-5ED261BE1C55}
		{84D8ABD2-3146-4DEC-BF6E-CCDAB505D00B} = {02198CBD-4EBA-444F-A35F-5ED261BE1C55}
		{D98F4350-FEF9-45BC-AB02-0CCAB56D924B} = {779AF1F4-8750-40BF-88CF-3FDEE42347A2}
		{B7DE6F3E-D40E-489D-A1C2-30E73514C3C6} = {02198CBD-4EBA-444F-A35F-5ED261BE1C55}
		{D65DFE8D-8E75-40DD-95D1-590F73FC81A7} = {02198CBD-4EBA-444F-A35F-5ED261BE1C55}
		{8CA4EC9F-F6BB-46B2-A604-D929C2C25A25} = {31F6AF54-332D-4AC6-A58E-53FF3824024D}
	EndGlobalSection
	GlobalSection(ExtensibilityGlobals) = postSolution
		SolutionGuid = {4E2CCDCA-AADA-486E-A165-819D746726EB}
	EndGlobalSection
EndGlobal
